
Microsoft Visual Studio Solution File, Format Version 12.00
# Visual Studio Version 17
VisualStudioVersion = 17.2.32526.322
MinimumVisualStudioVersion = 10.0.40219.1
Project("{FAE04EC0-301F-11D3-BF4B-00C04F79EFBC}") = "Eventos", "Eventos\Eventos.csproj", "{9DA6D1BF-2DF0-41FA-BD04-A5F46F6C1307}"
EndProject
Global
	GlobalSection(SolutionConfigurationPlatforms) = preSolution
		Debug|Any CPU = Debug|Any CPU
		Release|Any CPU = Release|Any CPU
	EndGlobalSection
	GlobalSection(ProjectConfigurationPlatforms) = postSolution
		{9DA6D1BF-2DF0-41FA-BD04-A5F46F6C1307}.Debug|Any CPU.ActiveCfg = Debug|Any CPU
		{9DA6D1BF-2DF0-41FA-BD04-A5F46F6C1307}.Debug|Any CPU.Build.0 = Debug|Any CPU
		{9DA6D1BF-2DF0-41FA-BD04-A5F46F6C1307}.Release|Any CPU.ActiveCfg = Release|Any CPU
		{9DA6D1BF-2DF0-41FA-BD04-A5F46F6C1307}.Release|Any CPU.Build.0 = Release|Any CPU
	EndGlobalSection
	GlobalSection(SolutionProperties) = preSolution
		HideSolutionNode = FALSE
	EndGlobalSection
	GlobalSection(ExtensibilityGlobals) = postSolution
		SolutionGuid = {94AFF9D2-C75E-48A8-A568-5291C60462C6}
	EndGlobalSection
EndGlobal
